
Microsoft Visual Studio Solution File, Format Version 12.00
# Visual Studio 14
VisualStudioVersion = 14.0.22823.1
MinimumVisualStudioVersion = 10.0.40219.1
Project("{151D2E53-A2C4-4D7D-83FE-D05416EBD58E}") = "Monster VM Azure Resource Group", "Monster VM Azure Resource Group\Monster VM Azure Resource Group.deployproj", "{69412BEA-0FCB-485E-82E8-372EB2E33106}"
EndProject
Global
	GlobalSection(SolutionConfigurationPlatforms) = preSolution
		Debug|Any CPU = Debug|Any CPU
		Release|Any CPU = Release|Any CPU
	EndGlobalSection
	GlobalSection(ProjectConfigurationPlatforms) = postSolution
		{69412BEA-0FCB-485E-82E8-372EB2E33106}.Debug|Any CPU.ActiveCfg = Debug|Any CPU
		{69412BEA-0FCB-485E-82E8-372EB2E33106}.Debug|Any CPU.Build.0 = Debug|Any CPU
		{69412BEA-0FCB-485E-82E8-372EB2E33106}.Release|Any CPU.ActiveCfg = Release|Any CPU
		{69412BEA-0FCB-485E-82E8-372EB2E33106}.Release|Any CPU.Build.0 = Release|Any CPU
	EndGlobalSection
	GlobalSection(SolutionProperties) = preSolution
		HideSolutionNode = FALSE
	EndGlobalSection
EndGlobal
